{
  "requires": true,
  "lockfileVersion": 1,
  "dependencies": {
    "@fullcalendar/bootstrap": {
      "version": "4.4.0",
      "resolved": "https://registry.npmjs.org/@fullcalendar/bootstrap/-/bootstrap-4.4.0.tgz",
      "integrity": "sha512-2YYM2tPhTwNtYFBcIm4Cf/72pJ3qzRRmzGZx13mJeVYjbSOe1rn/tquff/mMDPPtfCZ4+XqXOLCzAeW7eWHGgw=="
    },
    "@fullcalendar/core": {
      "version": "4.4.0",
      "resolved": "https://registry.npmjs.org/@fullcalendar/core/-/core-4.4.0.tgz",
      "integrity": "sha512-PC4mmXHJHAlXmUEmZVnePyA8yYCOBdxBNq8yjJqedEtT1X0x36yTFz/Y0Ux6bniICZDqYtk0xoxe6jaxi++e0g=="
    },
    "@fullcalendar/daygrid": {
      "version": "4.4.0",
      "resolved": "https://registry.npmjs.org/@fullcalendar/daygrid/-/daygrid-4.4.0.tgz",
      "integrity": "sha512-pDfvL0XZxKHTZ4VFOmwaYe3LmuABEIZsEopeqQ8y5O6BDen9KCbJqgHeCI8FpASSBd6bNlUx7il7EHdSoHhgIw=="
    },
    "@fullcalendar/interaction": {
      "version": "4.4.0",
      "resolved": "https://registry.npmjs.org/@fullcalendar/interaction/-/interaction-4.4.0.tgz",
      "integrity": "sha512-nGu0ZzYYlNpIhqfyv3JupteWKFETs3W1MzbRJcEZkuPncn4BooEi4A2blgHfacHAmmpaNkT84tAmhzi734MFBA=="
    },
    "@fullcalendar/resource-common": {
      "version": "4.4.0",
      "resolved": "https://registry.npmjs.org/@fullcalendar/resource-common/-/resource-common-4.4.0.tgz",
      "integrity": "sha512-pR7LNBCeqrCsKbNzhdDSg/yiaJe/HUp9axStl2J9GgJF73bXFqYywCJ1WcGp1WLejzT3zq6cXHYBKq9gSzLywQ=="
    },
    "@fullcalendar/resource-daygrid": {
      "version": "4.4.0",
      "resolved": "https://registry.npmjs.org/@fullcalendar/resource-daygrid/-/resource-daygrid-4.4.0.tgz",
      "integrity": "sha512-b/Rdy2yqzxl5QWMCclpsDEMywOqqg/CV70J0QQgzhGEUdxftWLajU8KuiDN01K+3vJBwHWAwNz+2xudlw4pYkA==",
      "requires": {
        "@fullcalendar/daygrid": "~4.4.0",
        "@fullcalendar/resource-common": "~4.4.0"
      }
    },
    "@fullcalendar/resource-timegrid": {
      "version": "4.4.0",
      "resolved": "https://registry.npmjs.org/@fullcalendar/resource-timegrid/-/resource-timegrid-4.4.0.tgz",
      "integrity": "sha512-0Vn+WQbysgqBsp0JtRsOkGWACCRFY0oq/Thxgldfz6MXrDFXC64HZU1FTwSZFdfCd01n36SqBcBr1eoAOz5J4g==",
      "requires": {
        "@fullcalendar/resource-common": "~4.4.0",
        "@fullcalendar/resource-daygrid": "~4.4.0",
        "@fullcalendar/timegrid": "~4.4.0"
      }
    },
    "@fullcalendar/resource-timeline": {
      "version": "4.4.0",
      "resolved": "https://registry.npmjs.org/@fullcalendar/resource-timeline/-/resource-timeline-4.4.0.tgz",
      "integrity": "sha512-r1CjidsZ3BVe3/wmKMAps0blWLdCG9GvvtwslS6mMDFq08LW5hziJ6snW52EoBUhMPai0iPFDxS1ZOFGqalPdQ==",
      "requires": {
        "@fullcalendar/resource-common": "~4.4.0",
        "@fullcalendar/timeline": "~4.4.0"
      }
    },
    "@fullcalendar/timegrid": {
      "version": "4.4.0",
      "resolved": "https://registry.npmjs.org/@fullcalendar/timegrid/-/timegrid-4.4.0.tgz",
      "integrity": "sha512-QwJ9oM87/ZTbXaE8PMIVp20GPtVCFmroaeR1GydJ6BKYtbxG/nsaSv7RhqvDa2jLjHaTWC2NjHo9hRfjQjtCZA==",
      "requires": {
        "@fullcalendar/daygrid": "~4.4.0"
      }
    },
    "@fullcalendar/timeline": {
      "version": "4.4.0",
      "resolved": "https://registry.npmjs.org/@fullcalendar/timeline/-/timeline-4.4.0.tgz",
      "integrity": "sha512-GpgNMVjUkFXlC/dVBhiVZJf3/22EulvD1qLaH5zEk/2xYZVdKC9BWo+vOAuRjyvuDnkgHSmtqyjyV2KlRNKWPw=="
    },
    "@popperjs/core": {
      "version": "2.1.0",
      "resolved": "https://registry.npmjs.org/@popperjs/core/-/core-2.1.0.tgz",
      "integrity": "sha512-ntN5t5spqhQv28cLfmmt1dYabsudzR5A7PU15gr/gzcT/gzqAOnYFQPaLPFraDa7ZCJG2eJ1JsO7pgXbYXGIrw=="
    }
  }
}
